
Microsoft Visual Studio Solution File, Format Version 12.00
# Visual Studio Version 16
VisualStudioVersion = 16.0.29215.179
MinimumVisualStudioVersion = 10.0.40219.1
Project("{FAE04EC0-301F-11D3-BF4B-00C04F79EFBC}") = "LibraryManagementSytem_Group4", "LibraryManagementSytem_Group4\LibraryManagementSytem_Group4.csproj", "{4630B737-C90A-4313-BEBD-3D9EC8F27446}"
EndProject
Global
	GlobalSection(SolutionConfigurationPlatforms) = preSolution
		Debug|Any CPU = Debug|Any CPU
		Release|Any CPU = Release|Any CPU
	EndGlobalSection
	GlobalSection(ProjectConfigurationPlatforms) = postSolution
		{4630B737-C90A-4313-BEBD-3D9EC8F27446}.Debug|Any CPU.ActiveCfg = Debug|Any CPU
		{4630B737-C90A-4313-BEBD-3D9EC8F27446}.Debug|Any CPU.Build.0 = Debug|Any CPU
		{4630B737-C90A-4313-BEBD-3D9EC8F27446}.Release|Any CPU.ActiveCfg = Release|Any CPU
		{4630B737-C90A-4313-BEBD-3D9EC8F27446}.Release|Any CPU.Build.0 = Release|Any CPU
	EndGlobalSection
	GlobalSection(SolutionProperties) = preSolution
		HideSolutionNode = FALSE
	EndGlobalSection
	GlobalSection(ExtensibilityGlobals) = postSolution
		SolutionGuid = {4AA21018-AE10-49CA-9A77-F1AE35AFF48F}
	EndGlobalSection
EndGlobal
